Microsoft Visual Studio Solution File, Format Version 12.00
# Visual Studio Version 17
VisualStudioVersion = 17.5.2.0
MinimumVisualStudioVersion = 10.0.40219.1
Project("{FAE04EC0-301F-11D3-BF4B-00C04F79EFBC}") = "TestBackEnd", "TestBackEnd.csproj", "{BD4855B2-01D7-D475-77FF-7506200B484C}"
EndProject
Global
	GlobalSection(SolutionConfigurationPlatforms) = preSolution
		Debug|Any CPU = Debug|Any CPU
		Release|Any CPU = Release|Any CPU
	EndGlobalSection
	GlobalSection(ProjectConfigurationPlatforms) = postSolution
		{BD4855B2-01D7-D475-77FF-7506200B484C}.Debug|Any CPU.ActiveCfg = Debug|Any CPU
		{BD4855B2-01D7-D475-77FF-7506200B484C}.Debug|Any CPU.Build.0 = Debug|Any CPU
		{BD4855B2-01D7-D475-77FF-7506200B484C}.Release|Any CPU.ActiveCfg = Release|Any CPU
		{BD4855B2-01D7-D475-77FF-7506200B484C}.Release|Any CPU.Build.0 = Release|Any CPU
	EndGlobalSection
	GlobalSection(SolutionProperties) = preSolution
		HideSolutionNode = FALSE
	EndGlobalSection
	GlobalSection(ExtensibilityGlobals) = postSolution
		SolutionGuid = {D37DF7B7-934A-46B0-B633-9EFCFEF46A4D}
	EndGlobalSection
EndGlobal
